
Microsoft Visual Studio Solution File, Format Version 12.00
# Visual Studio Version 17
VisualStudioVersion = 17.5.002.0
MinimumVisualStudioVersion = 10.0.40219.1
Project("{9A19103F-16F7-4668-BE54-9A1E7A4F7556}") = "coreWebApplication", "coreWebApplication.csproj", "{F4E3EA52-828E-4F2F-9583-AF90C07C11FE}"
EndProject
Global
	GlobalSection(SolutionConfigurationPlatforms) = preSolution
		Debug|Any CPU = Debug|Any CPU
		Release|Any CPU = Release|Any CPU
	EndGlobalSection
	GlobalSection(ProjectConfigurationPlatforms) = postSolution
		{F4E3EA52-828E-4F2F-9583-AF90C07C11FE}.Debug|Any CPU.ActiveCfg = Debug|Any CPU
		{F4E3EA52-828E-4F2F-9583-AF90C07C11FE}.Debug|Any CPU.Build.0 = Debug|Any CPU
		{F4E3EA52-828E-4F2F-9583-AF90C07C11FE}.Release|Any CPU.ActiveCfg = Release|Any CPU
		{F4E3EA52-828E-4F2F-9583-AF90C07C11FE}.Release|Any CPU.Build.0 = Release|Any CPU
	EndGlobalSection
	GlobalSection(SolutionProperties) = preSolution
		HideSolutionNode = FALSE
	EndGlobalSection
	GlobalSection(ExtensibilityGlobals) = postSolution
		SolutionGuid = {D6818ED3-6337-44BD-96F2-19CE5779BE52}
	EndGlobalSection
EndGlobal
